// !$*UTF8*$!
{
	archiveVersion = 1;
	classes = {
	};
	objectVersion = 46;
	objects = {

/* Begin PBXBuildFile section */
		B607F3EB1968882D00BA46A1 /* DFToken.m in Sources */ = {isa = PBXBuildFile; fileRef = B607F3EA1968882D00BA46A1 /* DFToken.m */; };
		B607F3EF1968AB2A00BA46A1 /* DFAddOrSelectCardViewController.m in Sources */ = {isa = PBXBuildFile; fileRef = B607F3ED1968AB2A00BA46A1 /* DFAddOrSelectCardViewController.m */; };
		B607F3F01968AB2A00BA46A1 /* DFAddOrSelectCardViewController.xib in Resources */ = {isa = PBXBuildFile; fileRef = B607F3EE1968AB2A00BA46A1 /* DFAddOrSelectCardViewController.xib */; };
		B607F3F41968AB3D00BA46A1 /* DFAddCardViewController.m in Sources */ = {isa = PBXBuildFile; fileRef = B607F3F21968AB3D00BA46A1 /* DFAddCardViewController.m */; };
		B607F3F51968AB3D00BA46A1 /* DFAddCardViewController.xib in Resources */ = {isa = PBXBuildFile; fileRef = B607F3F31968AB3D00BA46A1 /* DFAddCardViewController.xib */; };
		B607F3F91968AB4E00BA46A1 /* DFPaymentSummaryViewController.m in Sources */ = {isa = PBXBuildFile; fileRef = B607F3F71968AB4E00BA46A1 /* DFPaymentSummaryViewController.m */; };
		B607F3FA1968AB4E00BA46A1 /* DFPaymentSummaryViewController.xib in Resources */ = {isa = PBXBuildFile; fileRef = B607F3F81968AB4E00BA46A1 /* DFPaymentSummaryViewController.xib */; };
		B607F4011968AB8500BA46A1 /* DFPaidViewController.m in Sources */ = {isa = PBXBuildFile; fileRef = B607F3FF1968AB8500BA46A1 /* DFPaidViewController.m */; };
		B607F4021968AB8500BA46A1 /* DFPaidViewController.xib in Resources */ = {isa = PBXBuildFile; fileRef = B607F4001968AB8500BA46A1 /* DFPaidViewController.xib */; };
		B607F4061968B62C00BA46A1 /* DFClient.m in Sources */ = {isa = PBXBuildFile; fileRef = B607F4051968B62C00BA46A1 /* DFClient.m */; };
		B607F4091968CFA200BA46A1 /* DFPaymentServer.m in Sources */ = {isa = PBXBuildFile; fileRef = B607F4081968CFA200BA46A1 /* DFPaymentServer.m */; };
		B62BEE9319686E8F00490F4F /* Foundation.framework in Frameworks */ = {isa = PBXBuildFile; fileRef = B62BEE9219686E8F00490F4F /* Foundation.framework */; };
		B62BEE9519686E8F00490F4F /* CoreGraphics.framework in Frameworks */ = {isa = PBXBuildFile; fileRef = B62BEE9419686E8F00490F4F /* CoreGraphics.framework */; };
		B62BEE9719686E8F00490F4F /* UIKit.framework in Frameworks */ = {isa = PBXBuildFile; fileRef = B62BEE9619686E8F00490F4F /* UIKit.framework */; };
		B62BEE9D19686E8F00490F4F /* InfoPlist.strings in Resources */ = {isa = PBXBuildFile; fileRef = B62BEE9B19686E8F00490F4F /* InfoPlist.strings */; };
		B62BEE9F19686E8F00490F4F /* main.m in Sources */ = {isa = PBXBuildFile; fileRef = B62BEE9E19686E8F00490F4F /* main.m */; };
		B62BEEA319686E8F00490F4F /* DFAppDelegate.m in Sources */ = {isa = PBXBuildFile; fileRef = B62BEEA219686E8F00490F4F /* DFAppDelegate.m */; };
		B62BEEA519686E8F00490F4F /* Images.xcassets in Resources */ = {isa = PBXBuildFile; fileRef = B62BEEA419686E8F00490F4F /* Images.xcassets */; };
		B62BEEAC19686E8F00490F4F /* XCTest.framework in Frameworks */ = {isa = PBXBuildFile; fileRef = B62BEEAB19686E8F00490F4F /* XCTest.framework */; };
		B62BEEAD19686E8F00490F4F /* Foundation.framework in Frameworks */ = {isa = PBXBuildFile; fileRef = B62BEE9219686E8F00490F4F /* Foundation.framework */; };
		B62BEEAE19686E8F00490F4F /* UIKit.framework in Frameworks */ = {isa = PBXBuildFile; fileRef = B62BEE9619686E8F00490F4F /* UIKit.framework */; };
		B62BEEC7196870E700490F4F /* DFMainMenuViewController.m in Sources */ = {isa = PBXBuildFile; fileRef = B62BEEC5196870E700490F4F /* DFMainMenuViewController.m */; };
		B62BEEC8196870E700490F4F /* DFMainMenuViewController.xib in Resources */ = {isa = PBXBuildFile; fileRef = B62BEEC6196870E700490F4F /* DFMainMenuViewController.xib */; };
		B62BEECC1968715B00490F4F /* DFSimplePaymentsExampleViewController.m in Sources */ = {isa = PBXBuildFile; fileRef = B62BEECA1968715B00490F4F /* DFSimplePaymentsExampleViewController.m */; };
		B62BEECD1968715B00490F4F /* DFSimplePaymentsExampleViewController.xib in Resources */ = {isa = PBXBuildFile; fileRef = B62BEECB1968715B00490F4F /* DFSimplePaymentsExampleViewController.xib */; };
		B62BEED1196874B900490F4F /* DFConekta.m in Sources */ = {isa = PBXBuildFile; fileRef = B62BEED0196874B900490F4F /* DFConekta.m */; };
		B62BEED4196874C700490F4F /* DFCard.m in Sources */ = {isa = PBXBuildFile; fileRef = B62BEED3196874C700490F4F /* DFCard.m */; };
		B62BEED7196874D100490F4F /* DFCharge.m in Sources */ = {isa = PBXBuildFile; fileRef = B62BEED6196874D100490F4F /* DFCharge.m */; };
/* End PBXBuildFile section */

/* Begin PBXContainerItemProxy section */
		B62BEEAF19686E8F00490F4F /* PBXContainerItemProxy */ = {
			isa = PBXContainerItemProxy;
			containerPortal = B62BEE8719686E8E00490F4F /* Project object */;
			proxyType = 1;
			remoteGlobalIDString = B62BEE8E19686E8F00490F4F;
			remoteInfo = PagosObjectiveC;
		};
/* End PBXContainerItemProxy section */

/* Begin PBXFileReference section */
		B607F3E91968882D00BA46A1 /* DFToken.h */ = {isa = PBXFileReference; fileEncoding = 4; lastKnownFileType = sourcecode.c.h; path = DFToken.h; sourceTree = "<group>"; };
		B607F3EA1968882D00BA46A1 /* DFToken.m */ = {isa = PBXFileReference; fileEncoding = 4; lastKnownFileType = sourcecode.c.objc; path = DFToken.m; sourceTree = "<group>"; };
		B607F3EC1968AB2A00BA46A1 /* DFAddOrSelectCardViewController.h */ = {isa = PBXFileReference; fileEncoding = 4; lastKnownFileType = sourcecode.c.h; path = DFAddOrSelectCardViewController.h; sourceTree = "<group>"; };
		B607F3ED1968AB2A00BA46A1 /* DFAddOrSelectCardViewController.m */ = {isa = PBXFileReference; fileEncoding = 4; lastKnownFileType = sourcecode.c.objc; path = DFAddOrSelectCardViewController.m; sourceTree = "<group>"; };
		B607F3EE1968AB2A00BA46A1 /* DFAddOrSelectCardViewController.xib */ = {isa = PBXFileReference; fileEncoding = 4; lastKnownFileType = file.xib; path = DFAddOrSelectCardViewController.xib; sourceTree = "<group>"; };
		B607F3F11968AB3D00BA46A1 /* DFAddCardViewController.h */ = {isa = PBXFileReference; fileEncoding = 4; lastKnownFileType = sourcecode.c.h; path = DFAddCardViewController.h; sourceTree = "<group>"; };
		B607F3F21968AB3D00BA46A1 /* DFAddCardViewController.m */ = {isa = PBXFileReference; fileEncoding = 4; lastKnownFileType = sourcecode.c.objc; path = DFAddCardViewController.m; sourceTree = "<group>"; };
		B607F3F31968AB3D00BA46A1 /* DFAddCardViewController.xib */ = {isa = PBXFileReference; fileEncoding = 4; lastKnownFileType = file.xib; path = DFAddCardViewController.xib; sourceTree = "<group>"; };
		B607F3F61968AB4E00BA46A1 /* DFPaymentSummaryViewController.h */ = {isa = PBXFileReference; fileEncoding = 4; lastKnownFileType = sourcecode.c.h; path = DFPaymentSummaryViewController.h; sourceTree = "<group>"; };
		B607F3F71968AB4E00BA46A1 /* DFPaymentSummaryViewController.m */ = {isa = PBXFileReference; fileEncoding = 4; lastKnownFileType = sourcecode.c.objc; path = DFPaymentSummaryViewController.m; sourceTree = "<group>"; };
		B607F3F81968AB4E00BA46A1 /* DFPaymentSummaryViewController.xib */ = {isa = PBXFileReference; fileEncoding = 4; lastKnownFileType = file.xib; path = DFPaymentSummaryViewController.xib; sourceTree = "<group>"; };
		B607F3FE1968AB8500BA46A1 /* DFPaidViewController.h */ = {isa = PBXFileReference; fileEncoding = 4; lastKnownFileType = sourcecode.c.h; path = DFPaidViewController.h; sourceTree = "<group>"; };
		B607F3FF1968AB8500BA46A1 /* DFPaidViewController.m */ = {isa = PBXFileReference; fileEncoding = 4; lastKnownFileType = sourcecode.c.objc; path = DFPaidViewController.m; sourceTree = "<group>"; };
		B607F4001968AB8500BA46A1 /* DFPaidViewController.xib */ = {isa = PBXFileReference; fileEncoding = 4; lastKnownFileType = file.xib; path = DFPaidViewController.xib; sourceTree = "<group>"; };
		B607F4041968B62C00BA46A1 /* DFClient.h */ = {isa = PBXFileReference; fileEncoding = 4; lastKnownFileType = sourcecode.c.h; path = DFClient.h; sourceTree = "<group>"; };
		B607F4051968B62C00BA46A1 /* DFClient.m */ = {isa = PBXFileReference; fileEncoding = 4; lastKnownFileType = sourcecode.c.objc; path = DFClient.m; sourceTree = "<group>"; };
		B607F4071968CFA200BA46A1 /* DFPaymentServer.h */ = {isa = PBXFileReference; fileEncoding = 4; lastKnownFileType = sourcecode.c.h; path = DFPaymentServer.h; sourceTree = "<group>"; };
		B607F4081968CFA200BA46A1 /* DFPaymentServer.m */ = {isa = PBXFileReference; fileEncoding = 4; lastKnownFileType = sourcecode.c.objc; path = DFPaymentServer.m; sourceTree = "<group>"; };
		B62BEE8F19686E8F00490F4F /* PagosObjectiveC.app */ = {isa = PBXFileReference; explicitFileType = wrapper.application; includeInIndex = 0; path = PagosObjectiveC.app; sourceTree = BUILT_PRODUCTS_DIR; };
		B62BEE9219686E8F00490F4F /* Foundation.framework */ = {isa = PBXFileReference; lastKnownFileType = wrapper.framework; name = Foundation.framework; path = System/Library/Frameworks/Foundation.framework; sourceTree = SDKROOT; };
		B62BEE9419686E8F00490F4F /* CoreGraphics.framework */ = {isa = PBXFileReference; lastKnownFileType = wrapper.framework; name = CoreGraphics.framework; path = System/Library/Frameworks/CoreGraphics.framework; sourceTree = SDKROOT; };
		B62BEE9619686E8F00490F4F /* UIKit.framework */ = {isa = PBXFileReference; lastKnownFileType = wrapper.framework; name = UIKit.framework; path = System/Library/Frameworks/UIKit.framework; sourceTree = SDKROOT; };
		B62BEE9A19686E8F00490F4F /* PagosObjectiveC-Info.plist */ = {isa = PBXFileReference; lastKnownFileType = text.plist.xml; path = "PagosObjectiveC-Info.plist"; sourceTree = "<group>"; };
		B62BEE9C19686E8F00490F4F /* en */ = {isa = PBXFileReference; lastKnownFileType = text.plist.strings; name = en; path = en.lproj/InfoPlist.strings; sourceTree = "<group>"; };
		B62BEE9E19686E8F00490F4F /* main.m */ = {isa = PBXFileReference; lastKnownFileType = sourcecode.c.objc; path = main.m; sourceTree = "<group>"; };
		B62BEEA019686E8F00490F4F /* PagosObjectiveC-Prefix.pch */ = {isa = PBXFileReference; lastKnownFileType = sourcecode.c.h; path = "PagosObjectiveC-Prefix.pch"; sourceTree = "<group>"; };
		B62BEEA119686E8F00490F4F /* DFAppDelegate.h */ = {isa = PBXFileReference; lastKnownFileType = sourcecode.c.h; path = DFAppDelegate.h; sourceTree = "<group>"; };
		B62BEEA219686E8F00490F4F /* DFAppDelegate.m */ = {isa = PBXFileReference; lastKnownFileType = sourcecode.c.objc; path = DFAppDelegate.m; sourceTree = "<group>"; };
		B62BEEA419686E8F00490F4F /* Images.xcassets */ = {isa = PBXFileReference; lastKnownFileType = folder.assetcatalog; path = Images.xcassets; sourceTree = "<group>"; };
		B62BEEAA19686E8F00490F4F /* PagosObjectiveCTests.xctest */ = {isa = PBXFileReference; explicitFileType = wrapper.cfbundle; includeInIndex = 0; path = PagosObjectiveCTests.xctest; sourceTree = BUILT_PRODUCTS_DIR; };
		B62BEEAB19686E8F00490F4F /* XCTest.framework */ = {isa = PBXFileReference; lastKnownFileType = wrapper.framework; name = XCTest.framework; path = Library/Frameworks/XCTest.framework; sourceTree = DEVELOPER_DIR; };
		B62BEEC4196870E700490F4F /* DFMainMenuViewController.h */ = {isa = PBXFileReference; fileEncoding = 4; lastKnownFileType = sourcecode.c.h; path = DFMainMenuViewController.h; sourceTree = "<group>"; };
		B62BEEC5196870E700490F4F /* DFMainMenuViewController.m */ = {isa = PBXFileReference; fileEncoding = 4; lastKnownFileType = sourcecode.c.objc; path = DFMainMenuViewController.m; sourceTree = "<group>"; };
		B62BEEC6196870E700490F4F /* DFMainMenuViewController.xib */ = {isa = PBXFileReference; fileEncoding = 4; lastKnownFileType = file.xib; path = DFMainMenuViewController.xib; sourceTree = "<group>"; };
		B62BEEC91968715B00490F4F /* DFSimplePaymentsExampleViewController.h */ = {isa = PBXFileReference; fileEncoding = 4; lastKnownFileType = sourcecode.c.h; path = DFSimplePaymentsExampleViewController.h; sourceTree = "<group>"; };
		B62BEECA1968715B00490F4F /* DFSimplePaymentsExampleViewController.m */ = {isa = PBXFileReference; fileEncoding = 4; lastKnownFileType = sourcecode.c.objc; path = DFSimplePaymentsExampleViewController.m; sourceTree = "<group>"; };
		B62BEECB1968715B00490F4F /* DFSimplePaymentsExampleViewController.xib */ = {isa = PBXFileReference; fileEncoding = 4; lastKnownFileType = file.xib; path = DFSimplePaymentsExampleViewController.xib; sourceTree = "<group>"; };
		B62BEECF196874B900490F4F /* DFConekta.h */ = {isa = PBXFileReference; fileEncoding = 4; lastKnownFileType = sourcecode.c.h; path = DFConekta.h; sourceTree = "<group>"; };
		B62BEED0196874B900490F4F /* DFConekta.m */ = {isa = PBXFileReference; fileEncoding = 4; lastKnownFileType = sourcecode.c.objc; path = DFConekta.m; sourceTree = "<group>"; };
		B62BEED2196874C700490F4F /* DFCard.h */ = {isa = PBXFileReference; fileEncoding = 4; lastKnownFileType = sourcecode.c.h; path = DFCard.h; sourceTree = "<group>"; };
		B62BEED3196874C700490F4F /* DFCard.m */ = {isa = PBXFileReference; fileEncoding = 4; lastKnownFileType = sourcecode.c.objc; path = DFCard.m; sourceTree = "<group>"; };
		B62BEED5196874D100490F4F /* DFCharge.h */ = {isa = PBXFileReference; fileEncoding = 4; lastKnownFileType = sourcecode.c.h; path = DFCharge.h; sourceTree = "<group>"; };
		B62BEED6196874D100490F4F /* DFCharge.m */ = {isa = PBXFileReference; fileEncoding = 4; lastKnownFileType = sourcecode.c.objc; path = DFCharge.m; sourceTree = "<group>"; };
/* End PBXFileReference section */

/* Begin PBXFrameworksBuildPhase section */
		B62BEE8C19686E8F00490F4F /* Frameworks */ = {
			isa = PBXFrameworksBuildPhase;
			buildActionMask = 2147483647;
			files = (
				B62BEE9519686E8F00490F4F /* CoreGraphics.framework in Frameworks */,
				B62BEE9719686E8F00490F4F /* UIKit.framework in Frameworks */,
				B62BEE9319686E8F00490F4F /* Foundation.framework in Frameworks */,
			);
			runOnlyForDeploymentPostprocessing = 0;
		};
		B62BEEA719686E8F00490F4F /* Frameworks */ = {
			isa = PBXFrameworksBuildPhase;
			buildActionMask = 2147483647;
			files = (
				B62BEEAC19686E8F00490F4F /* XCTest.framework in Frameworks */,
				B62BEEAE19686E8F00490F4F /* UIKit.framework in Frameworks */,
				B62BEEAD19686E8F00490F4F /* Foundation.framework in Frameworks */,
			);
			runOnlyForDeploymentPostprocessing = 0;
		};
/* End PBXFrameworksBuildPhase section */

/* Begin PBXGroup section */
		B607F3FB1968AB5600BA46A1 /* App Delegate */ = {
			isa = PBXGroup;
			children = (
				B62BEEA119686E8F00490F4F /* DFAppDelegate.h */,
				B62BEEA219686E8F00490F4F /* DFAppDelegate.m */,
			);
			name = "App Delegate";
			sourceTree = "<group>";
		};
		B607F3FC1968AB5F00BA46A1 /* SimplePayment */ = {
			isa = PBXGroup;
			children = (
				B62BEEC91968715B00490F4F /* DFSimplePaymentsExampleViewController.h */,
				B62BEECA1968715B00490F4F /* DFSimplePaymentsExampleViewController.m */,
				B62BEECB1968715B00490F4F /* DFSimplePaymentsExampleViewController.xib */,
			);
			name = SimplePayment;
			sourceTree = "<group>";
		};
		B607F3FD1968AB6C00BA46A1 /* ComplexPayment */ = {
			isa = PBXGroup;
			children = (
				B607F3EC1968AB2A00BA46A1 /* DFAddOrSelectCardViewController.h */,
				B607F3ED1968AB2A00BA46A1 /* DFAddOrSelectCardViewController.m */,
				B607F3EE1968AB2A00BA46A1 /* DFAddOrSelectCardViewController.xib */,
				B607F3F11968AB3D00BA46A1 /* DFAddCardViewController.h */,
				B607F3F21968AB3D00BA46A1 /* DFAddCardViewController.m */,
				B607F3F31968AB3D00BA46A1 /* DFAddCardViewController.xib */,
				B607F3F61968AB4E00BA46A1 /* DFPaymentSummaryViewController.h */,
				B607F3F71968AB4E00BA46A1 /* DFPaymentSummaryViewController.m */,
				B607F3F81968AB4E00BA46A1 /* DFPaymentSummaryViewController.xib */,
				B607F3FE1968AB8500BA46A1 /* DFPaidViewController.h */,
				B607F3FF1968AB8500BA46A1 /* DFPaidViewController.m */,
				B607F4001968AB8500BA46A1 /* DFPaidViewController.xib */,
			);
			name = ComplexPayment;
			sourceTree = "<group>";
		};
		B607F4031968AB8D00BA46A1 /* Main Menu */ = {
			isa = PBXGroup;
			children = (
				B62BEEC4196870E700490F4F /* DFMainMenuViewController.h */,
				B62BEEC5196870E700490F4F /* DFMainMenuViewController.m */,
				B62BEEC6196870E700490F4F /* DFMainMenuViewController.xib */,
			);
			name = "Main Menu";
			sourceTree = "<group>";
		};
		B62BEE8619686E8E00490F4F = {
			isa = PBXGroup;
			children = (
				B62BEECE196874A500490F4F /* DFConekta */,
				B62BEE9819686E8F00490F4F /* PagosObjectiveC */,
				B62BEE9119686E8F00490F4F /* Frameworks */,
				B62BEE9019686E8F00490F4F /* Products */,
			);
			sourceTree = "<group>";
		};
		B62BEE9019686E8F00490F4F /* Products */ = {
			isa = PBXGroup;
			children = (
				B62BEE8F19686E8F00490F4F /* PagosObjectiveC.app */,
				B62BEEAA19686E8F00490F4F /* PagosObjectiveCTests.xctest */,
			);
			name = Products;
			sourceTree = "<group>";
		};
		B62BEE9119686E8F00490F4F /* Frameworks */ = {
			isa = PBXGroup;
			children = (
				B62BEE9219686E8F00490F4F /* Foundation.framework */,
				B62BEE9419686E8F00490F4F /* CoreGraphics.framework */,
				B62BEE9619686E8F00490F4F /* UIKit.framework */,
				B62BEEAB19686E8F00490F4F /* XCTest.framework */,
			);
			name = Frameworks;
			sourceTree = "<group>";
		};
		B62BEE9819686E8F00490F4F /* PagosObjectiveC */ = {
			isa = PBXGroup;
			children = (
				B607F4031968AB8D00BA46A1 /* Main Menu */,
				B607F3FD1968AB6C00BA46A1 /* ComplexPayment */,
				B607F3FC1968AB5F00BA46A1 /* SimplePayment */,
				B607F3FB1968AB5600BA46A1 /* App Delegate */,
				B62BEEA419686E8F00490F4F /* Images.xcassets */,
				B62BEE9919686E8F00490F4F /* Supporting Files */,
			);
			path = PagosObjectiveC;
			sourceTree = "<group>";
		};
		B62BEE9919686E8F00490F4F /* Supporting Files */ = {
			isa = PBXGroup;
			children = (
				B62BEE9A19686E8F00490F4F /* PagosObjectiveC-Info.plist */,
				B62BEE9B19686E8F00490F4F /* InfoPlist.strings */,
				B62BEE9E19686E8F00490F4F /* main.m */,
				B62BEEA019686E8F00490F4F /* PagosObjectiveC-Prefix.pch */,
			);
			name = "Supporting Files";
			sourceTree = "<group>";
		};
		B62BEECE196874A500490F4F /* DFConekta */ = {
			isa = PBXGroup;
			children = (
				B62BEECF196874B900490F4F /* DFConekta.h */,
				B62BEED0196874B900490F4F /* DFConekta.m */,
				B62BEED2196874C700490F4F /* DFCard.h */,
				B62BEED3196874C700490F4F /* DFCard.m */,
				B62BEED5196874D100490F4F /* DFCharge.h */,
				B62BEED6196874D100490F4F /* DFCharge.m */,
				B607F3E91968882D00BA46A1 /* DFToken.h */,
				B607F3EA1968882D00BA46A1 /* DFToken.m */,
				B607F4041968B62C00BA46A1 /* DFClient.h */,
				B607F4051968B62C00BA46A1 /* DFClient.m */,
				B607F4071968CFA200BA46A1 /* DFPaymentServer.h */,
				B607F4081968CFA200BA46A1 /* DFPaymentServer.m */,
			);
			name = DFConekta;
			path = PagosObjectiveC;
			sourceTree = "<group>";
		};
/* End PBXGroup section */

/* Begin PBXNativeTarget section */
		B62BEE8E19686E8F00490F4F /* PagosObjectiveC */ = {
			isa = PBXNativeTarget;
			buildConfigurationList = B62BEEBB19686E8F00490F4F /* Build configuration list for PBXNativeTarget "PagosObjectiveC" */;
			buildPhases = (
				B62BEE8B19686E8F00490F4F /* Sources */,
				B62BEE8C19686E8F00490F4F /* Frameworks */,
				B62BEE8D19686E8F00490F4F /* Resources */,
			);
			buildRules = (
			);
			dependencies = (
			);
			name = PagosObjectiveC;
			productName = PagosObjectiveC;
			productReference = B62BEE8F19686E8F00490F4F /* PagosObjectiveC.app */;
			productType = "com.apple.product-type.application";
		};
		B62BEEA919686E8F00490F4F /* PagosObjectiveCTests */ = {
			isa = PBXNativeTarget;
			buildConfigurationList = B62BEEBE19686E8F00490F4F /* Build configuration list for PBXNativeTarget "PagosObjectiveCTests" */;
			buildPhases = (
				B62BEEA619686E8F00490F4F /* Sources */,
				B62BEEA719686E8F00490F4F /* Frameworks */,
				B62BEEA819686E8F00490F4F /* Resources */,
			);
			buildRules = (
			);
			dependencies = (
				B62BEEB019686E8F00490F4F /* PBXTargetDependency */,
			);
			name = PagosObjectiveCTests;
			productName = PagosObjectiveCTests;
			productReference = B62BEEAA19686E8F00490F4F /* PagosObjectiveCTests.xctest */;
			productType = "com.apple.product-type.bundle.unit-test";
		};
/* End PBXNativeTarget section */

/* Begin PBXProject section */
		B62BEE8719686E8E00490F4F /* Project object */ = {
			isa = PBXProject;
			attributes = {
				CLASSPREFIX = DF;
				LastUpgradeCheck = 0500;
				ORGANIZATIONNAME = Dfectuoso;
				TargetAttributes = {
					B62BEEA919686E8F00490F4F = {
						TestTargetID = B62BEE8E19686E8F00490F4F;
					};
				};
			};
			buildConfigurationList = B62BEE8A19686E8E00490F4F /* Build configuration list for PBXProject "PagosObjectiveC" */;
			compatibilityVersion = "Xcode 3.2";
			developmentRegion = English;
			hasScannedForEncodings = 0;
			knownRegions = (
				en,
			);
			mainGroup = B62BEE8619686E8E00490F4F;
			productRefGroup = B62BEE9019686E8F00490F4F /* Products */;
			projectDirPath = "";
			projectRoot = "";
			targets = (
				B62BEE8E19686E8F00490F4F /* PagosObjectiveC */,
				B62BEEA919686E8F00490F4F /* PagosObjectiveCTests */,
			);
		};
/* End PBXProject section */

/* Begin PBXResourcesBuildPhase section */
		B62BEE8D19686E8F00490F4F /* Resources */ = {
			isa = PBXResourcesBuildPhase;
			buildActionMask = 2147483647;
			files = (
				B607F4021968AB8500BA46A1 /* DFPaidViewController.xib in Resources */,
				B607F3F51968AB3D00BA46A1 /* DFAddCardViewController.xib in Resources */,
				B62BEEC8196870E700490F4F /* DFMainMenuViewController.xib in Resources */,
				B62BEE9D19686E8F00490F4F /* InfoPlist.strings in Resources */,
				B62BEECD1968715B00490F4F /* DFSimplePaymentsExampleViewController.xib in Resources */,
				B62BEEA519686E8F00490F4F /* Images.xcassets in Resources */,
				B607F3FA1968AB4E00BA46A1 /* DFPaymentSummaryViewController.xib in Resources */,
				B607F3F01968AB2A00BA46A1 /* DFAddOrSelectCardViewController.xib in Resources */,
			);
			runOnlyForDeploymentPostprocessing = 0;
		};
		B62BEEA819686E8F00490F4F /* Resources */ = {
			isa = PBXResourcesBuildPhase;
			buildActionMask = 2147483647;
			files = (
			);
			runOnlyForDeploymentPostprocessing = 0;
		};
/* End PBXResourcesBuildPhase section */

/* Begin PBXSourcesBuildPhase section */
		B62BEE8B19686E8F00490F4F /* Sources */ = {
			isa = PBXSourcesBuildPhase;
			buildActionMask = 2147483647;
			files = (
				B607F4011968AB8500BA46A1 /* DFPaidViewController.m in Sources */,
				B607F3F41968AB3D00BA46A1 /* DFAddCardViewController.m in Sources */,
				B62BEED1196874B900490F4F /* DFConekta.m in Sources */,
				B62BEED4196874C700490F4F /* DFCard.m in Sources */,
				B62BEEA319686E8F00490F4F /* DFAppDelegate.m in Sources */,
				B62BEE9F19686E8F00490F4F /* main.m in Sources */,
				B62BEECC1968715B00490F4F /* DFSimplePaymentsExampleViewController.m in Sources */,
				B607F4091968CFA200BA46A1 /* DFPaymentServer.m in Sources */,
				B607F3F91968AB4E00BA46A1 /* DFPaymentSummaryViewController.m in Sources */,
				B607F3EF1968AB2A00BA46A1 /* DFAddOrSelectCardViewController.m in Sources */,
				B62BEEC7196870E700490F4F /* DFMainMenuViewController.m in Sources */,
				B62BEED7196874D100490F4F /* DFCharge.m in Sources */,
				B607F3EB1968882D00BA46A1 /* DFToken.m in Sources */,
				B607F4061968B62C00BA46A1 /* DFClient.m in Sources */,
			);
			runOnlyForDeploymentPostprocessing = 0;
		};
		B62BEEA619686E8F00490F4F /* Sources */ = {
			isa = PBXSourcesBuildPhase;
			buildActionMask = 2147483647;
			files = (
			);
			runOnlyForDeploymentPostprocessing = 0;
		};
/* End PBXSourcesBuildPhase section */

/* Begin PBXTargetDependency section */
		B62BEEB019686E8F00490F4F /* PBXTargetDependency */ = {
			isa = PBXTargetDependency;
			target = B62BEE8E19686E8F00490F4F /* PagosObjectiveC */;
			targetProxy = B62BEEAF19686E8F00490F4F /* PBXContainerItemProxy */;
		};
/* End PBXTargetDependency section */

/* Begin PBXVariantGroup section */
		B62BEE9B19686E8F00490F4F /* InfoPlist.strings */ = {
			isa = PBXVariantGroup;
			children = (
				B62BEE9C19686E8F00490F4F /* en */,
			);
			name = InfoPlist.strings;
			sourceTree = "<group>";
		};
/* End PBXVariantGroup section */

/* Begin XCBuildConfiguration section */
		B62BEEB919686E8F00490F4F /* Debug */ = {
			isa = XCBuildConfiguration;
			buildSettings = {
				ALWAYS_SEARCH_USER_PATHS = NO;
				ARCHS = "$(ARCHS_STANDARD_INCLUDING_64_BIT)";
				CLANG_CXX_LANGUAGE_STANDARD = "gnu++0x";
				CLANG_CXX_LIBRARY = "libc++";
				CLANG_ENABLE_MODULES = YES;
				CLANG_ENABLE_OBJC_ARC = YES;
				CLANG_WARN_BOOL_CONVERSION = YES;
				CLANG_WARN_CONSTANT_CONVERSION = YES;
				CLANG_WARN_DIRECT_OBJC_ISA_USAGE = YES_ERROR;
				CLANG_WARN_EMPTY_BODY = YES;
				CLANG_WARN_ENUM_CONVERSION = YES;
				CLANG_WARN_INT_CONVERSION = YES;
				CLANG_WARN_OBJC_ROOT_CLASS = YES_ERROR;
				CLANG_WARN__DUPLICATE_METHOD_MATCH = YES;
				"CODE_SIGN_IDENTITY[sdk=iphoneos*]" = "iPhone Developer";
				COPY_PHASE_STRIP = NO;
				GCC_C_LANGUAGE_STANDARD = gnu99;
				GCC_DYNAMIC_NO_PIC = NO;
				GCC_OPTIMIZATION_LEVEL = 0;
				GCC_PREPROCESSOR_DEFINITIONS = (
					"DEBUG=1",
					"$(inherited)",
				);
				GCC_SYMBOLS_PRIVATE_EXTERN = NO;
				GCC_WARN_64_TO_32_BIT_CONVERSION = YES;
				GCC_WARN_ABOUT_RETURN_TYPE = YES_ERROR;
				GCC_WARN_UNDECLARED_SELECTOR = YES;
				GCC_WARN_UNINITIALIZED_AUTOS = YES;
				GCC_WARN_UNUSED_FUNCTION = YES;
				GCC_WARN_UNUSED_VARIABLE = YES;
				IPHONEOS_DEPLOYMENT_TARGET = 7.0;
				ONLY_ACTIVE_ARCH = YES;
				SDKROOT = iphoneos;
			};
			name = Debug;
		};
		B62BEEBA19686E8F00490F4F /* Release */ = {
			isa = XCBuildConfiguration;
			buildSettings = {
				ALWAYS_SEARCH_USER_PATHS = NO;
				ARCHS = "$(ARCHS_STANDARD_INCLUDING_64_BIT)";
				CLANG_CXX_LANGUAGE_STANDARD = "gnu++0x";
				CLANG_CXX_LIBRARY = "libc++";
				CLANG_ENABLE_MODULES = YES;
				CLANG_ENABLE_OBJC_ARC = YES;
				CLANG_WARN_BOOL_CONVERSION = YES;
				CLANG_WARN_CONSTANT_CONVERSION = YES;
				CLANG_WARN_DIRECT_OBJC_ISA_USAGE = YES_ERROR;
				CLANG_WARN_EMPTY_BODY = YES;
				CLANG_WARN_ENUM_CONVERSION = YES;
				CLANG_WARN_INT_CONVERSION = YES;
				CLANG_WARN_OBJC_ROOT_CLASS = YES_ERROR;
				CLANG_WARN__DUPLICATE_METHOD_MATCH = YES;
				"CODE_SIGN_IDENTITY[sdk=iphoneos*]" = "iPhone Developer";
				COPY_PHASE_STRIP = YES;
				ENABLE_NS_ASSERTIONS = NO;
				GCC_C_LANGUAGE_STANDARD = gnu99;
				GCC_WARN_64_TO_32_BIT_CONVERSION = YES;
				GCC_WARN_ABOUT_RETURN_TYPE = YES_ERROR;
				GCC_WARN_UNDECLARED_SELECTOR = YES;
				GCC_WARN_UNINITIALIZED_AUTOS = YES;
				GCC_WARN_UNUSED_FUNCTION = YES;
				GCC_WARN_UNUSED_VARIABLE = YES;
				IPHONEOS_DEPLOYMENT_TARGET = 7.0;
				SDKROOT = iphoneos;
				VALIDATE_PRODUCT = YES;
			};
			name = Release;
		};
		B62BEEBC19686E8F00490F4F /* Debug */ = {
			isa = XCBuildConfiguration;
			buildSettings = {
				ASSETCATALOG_COMPILER_APPICON_NAME = AppIcon;
				ASSETCATALOG_COMPILER_LAUNCHIMAGE_NAME = LaunchImage;
				GCC_PRECOMPILE_PREFIX_HEADER = YES;
				GCC_PREFIX_HEADER = "PagosObjectiveC/PagosObjectiveC-Prefix.pch";
				INFOPLIST_FILE = "PagosObjectiveC/PagosObjectiveC-Info.plist";
				PRODUCT_NAME = "$(TARGET_NAME)";
				WRAPPER_EXTENSION = app;
			};
			name = Debug;
		};
		B62BEEBD19686E8F00490F4F /* Release */ = {
			isa = XCBuildConfiguration;
			buildSettings = {
				ASSETCATALOG_COMPILER_APPICON_NAME = AppIcon;
				ASSETCATALOG_COMPILER_LAUNCHIMAGE_NAME = LaunchImage;
				GCC_PRECOMPILE_PREFIX_HEADER = YES;
				GCC_PREFIX_HEADER = "PagosObjectiveC/PagosObjectiveC-Prefix.pch";
				INFOPLIST_FILE = "PagosObjectiveC/PagosObjectiveC-Info.plist";
				PRODUCT_NAME = "$(TARGET_NAME)";
				WRAPPER_EXTENSION = app;
			};
			name = Release;
		};
		B62BEEBF19686E8F00490F4F /* Debug */ = {
			isa = XCBuildConfiguration;
			buildSettings = {
				ARCHS = "$(ARCHS_STANDARD_INCLUDING_64_BIT)";
				BUNDLE_LOADER = "$(BUILT_PRODUCTS_DIR)/PagosObjectiveC.app/PagosObjectiveC";
				FRAMEWORK_SEARCH_PATHS = (
					"$(SDKROOT)/Developer/Library/Frameworks",
					"$(inherited)",
					"$(DEVELOPER_FRAMEWORKS_DIR)",
				);
				GCC_PRECOMPILE_PREFIX_HEADER = YES;
				GCC_PREFIX_HEADER = "PagosObjectiveC/PagosObjectiveC-Prefix.pch";
				GCC_PREPROCESSOR_DEFINITIONS = (
					"DEBUG=1",
					"$(inherited)",
				);
				INFOPLIST_FILE = "PagosObjectiveCTests/PagosObjectiveCTests-Info.plist";
				PRODUCT_NAME = "$(TARGET_NAME)";
				TEST_HOST = "$(BUNDLE_LOADER)";
				WRAPPER_EXTENSION = xctest;
			};
			name = Debug;
		};
		B62BEEC019686E8F00490F4F /* Release */ = {
			isa = XCBuildConfiguration;
			buildSettings = {
				ARCHS = "$(ARCHS_STANDARD_INCLUDING_64_BIT)";
				BUNDLE_LOADER = "$(BUILT_PRODUCTS_DIR)/PagosObjectiveC.app/PagosObjectiveC";
				FRAMEWORK_SEARCH_PATHS = (
					"$(SDKROOT)/Developer/Library/Frameworks",
					"$(inherited)",
					"$(DEVELOPER_FRAMEWORKS_DIR)",
				);
				GCC_PRECOMPILE_PREFIX_HEADER = YES;
				GCC_PREFIX_HEADER = "PagosObjectiveC/PagosObjectiveC-Prefix.pch";
				INFOPLIST_FILE = "PagosObjectiveCTests/PagosObjectiveCTests-Info.plist";
				PRODUCT_NAME = "$(TARGET_NAME)";
				TEST_HOST = "$(BUNDLE_LOADER)";
				WRAPPER_EXTENSION = xctest;
			};
			name = Release;
		};
/* End XCBuildConfiguration section */

/* Begin XCConfigurationList section */
		B62BEE8A19686E8E00490F4F /* Build configuration list for PBXProject "PagosObjectiveC" */ = {
			isa = XCConfigurationList;
			buildConfigurations = (
				B62BEEB919686E8F00490F4F /* Debug */,
				B62BEEBA19686E8F00490F4F /* Release */,
			);
			defaultConfigurationIsVisible = 0;
			defaultConfigurationName = Release;
		};
		B62BEEBB19686E8F00490F4F /* Build configuration list for PBXNativeTarget "PagosObjectiveC" */ = {
			isa = XCConfigurationList;
			buildConfigurations = (
				B62BEEBC19686E8F00490F4F /* Debug */,
				B62BEEBD19686E8F00490F4F /* Release */,
			);
			defaultConfigurationIsVisible = 0;
			defaultConfigurationName = Release;
		};
		B62BEEBE19686E8F00490F4F /* Build configuration list for PBXNativeTarget "PagosObjectiveCTests" */ = {
			isa = XCConfigurationList;
			buildConfigurations = (
				B62BEEBF19686E8F00490F4F /* Debug */,
				B62BEEC019686E8F00490F4F /* Release */,
			);
			defaultConfigurationIsVisible = 0;
			defaultConfigurationName = Release;
		};
/* End XCConfigurationList section */
	};
	rootObject = B62BEE8719686E8E00490F4F /* Project object */;
}
